// !$*UTF8*$!
{
	archiveVersion = 1;
	classes = {
	};
	objectVersion = 77;
	objects = {

/* Begin PBXBuildFile section */
		2BC7B04D2E3AA0D6000425F1 /* FirebaseAnalytics in Frameworks */ = {isa = PBXBuildFile; productRef = 2BC7B04C2E3AA0D6000425F1 /* FirebaseAnalytics */; };
		2BC7B04F2E3AA0D6000425F1 /* FirebaseAuth in Frameworks */ = {isa = PBXBuildFile; productRef = 2BC7B04E2E3AA0D6000425F1 /* FirebaseAuth */; };
		2BC7B0512E3AA0D6000425F1 /* FirebaseCore in Frameworks */ = {isa = PBXBuildFile; productRef = 2BC7B0502E3AA0D6000425F1 /* FirebaseCore */; };
		2BC7B0532E3AA0D6000425F1 /* FirebaseDatabase in Frameworks */ = {isa = PBXBuildFile; productRef = 2BC7B0522E3AA0D6000425F1 /* FirebaseDatabase */; };
		2BC7B0552E3AA129000425F1 /* FirebaseAI in Frameworks */ = {isa = PBXBuildFile; productRef = 2BC7B0542E3AA129000425F1 /* FirebaseAI */; };
		2BC7B0572E3AA129000425F1 /* FirebaseAnalyticsCore in Frameworks */ = {isa = PBXBuildFile; productRef = 2BC7B0562E3AA129000425F1 /* FirebaseAnalyticsCore */; };
		2BC7B0592E3AA129000425F1 /* FirebaseAnalyticsIdentitySupport in Frameworks */ = {isa = PBXBuildFile; productRef = 2BC7B0582E3AA129000425F1 /* FirebaseAnalyticsIdentitySupport */; };
		2BC7B05B2E3AA129000425F1 /* FirebaseAppCheck in Frameworks */ = {isa = PBXBuildFile; productRef = 2BC7B05A2E3AA129000425F1 /* FirebaseAppCheck */; };
		2BC7B05D2E3AA129000425F1 /* FirebaseAppDistribution-Beta in Frameworks */ = {isa = PBXBuildFile; productRef = 2BC7B05C2E3AA129000425F1 /* FirebaseAppDistribution-Beta */; };
		2BC7B05F2E3AA129000425F1 /* FirebaseAuthCombine-Community in Frameworks */ = {isa = PBXBuildFile; productRef = 2BC7B05E2E3AA129000425F1 /* FirebaseAuthCombine-Community */; };
		2BC7B0612E3AA129000425F1 /* FirebaseCrashlytics in Frameworks */ = {isa = PBXBuildFile; productRef = 2BC7B0602E3AA129000425F1 /* FirebaseCrashlytics */; };
		2BC7B0632E3AA129000425F1 /* FirebaseFirestore in Frameworks */ = {isa = PBXBuildFile; productRef = 2BC7B0622E3AA129000425F1 /* FirebaseFirestore */; };
		2BC7B0652E3AA129000425F1 /* FirebaseFirestoreCombine-Community in Frameworks */ = {isa = PBXBuildFile; productRef = 2BC7B0642E3AA129000425F1 /* FirebaseFirestoreCombine-Community */; };
		2BC7B0672E3AA129000425F1 /* FirebaseFunctions in Frameworks */ = {isa = PBXBuildFile; productRef = 2BC7B0662E3AA129000425F1 /* FirebaseFunctions */; };
		2BC7B0692E3AA129000425F1 /* FirebaseFunctionsCombine-Community in Frameworks */ = {isa = PBXBuildFile; productRef = 2BC7B0682E3AA129000425F1 /* FirebaseFunctionsCombine-Community */; };
		2BC7B06B2E3AA129000425F1 /* FirebaseInAppMessaging-Beta in Frameworks */ = {isa = PBXBuildFile; productRef = 2BC7B06A2E3AA129000425F1 /* FirebaseInAppMessaging-Beta */; };
		2BC7B06D2E3AA129000425F1 /* FirebaseInstallations in Frameworks */ = {isa = PBXBuildFile; productRef = 2BC7B06C2E3AA129000425F1 /* FirebaseInstallations */; };
		2BC7B06F2E3AA129000425F1 /* FirebaseMessaging in Frameworks */ = {isa = PBXBuildFile; productRef = 2BC7B06E2E3AA129000425F1 /* FirebaseMessaging */; };
		2BC7B0712E3AA129000425F1 /* FirebaseMLModelDownloader in Frameworks */ = {isa = PBXBuildFile; productRef = 2BC7B0702E3AA129000425F1 /* FirebaseMLModelDownloader */; };
		2BC7B0732E3AA129000425F1 /* FirebasePerformance in Frameworks */ = {isa = PBXBuildFile; productRef = 2BC7B0722E3AA129000425F1 /* FirebasePerformance */; };
		2BC7B0752E3AA129000425F1 /* FirebaseRemoteConfig in Frameworks */ = {isa = PBXBuildFile; productRef = 2BC7B0742E3AA129000425F1 /* FirebaseRemoteConfig */; };
		2BC7B0772E3AA129000425F1 /* FirebaseStorage in Frameworks */ = {isa = PBXBuildFile; productRef = 2BC7B0762E3AA129000425F1 /* FirebaseStorage */; };
		2BC7B0792E3AA129000425F1 /* FirebaseStorageCombine-Community in Frameworks */ = {isa = PBXBuildFile; productRef = 2BC7B0782E3AA129000425F1 /* FirebaseStorageCombine-Community */; };
		2BD59D3F2E3A9E0F00031A3C /* GoogleService-Info.plist in Resources */ = {isa = PBXBuildFile; fileRef = 2BD59D3E2E3A9E0F00031A3C /* GoogleService-Info.plist */; };
		2BD59D422E3A9F1E00031A3C /* AppDelegate.swift in Sources */ = {isa = PBXBuildFile; fileRef = 2BD59D412E3A9F1E00031A3C /* AppDelegate.swift */; };
/* End PBXBuildFile section */

/* Begin PBXContainerItemProxy section */
		2BFF01572E34074F003F5F61 /* PBXContainerItemProxy */ = {
			isa = PBXContainerItemProxy;
			containerPortal = 2BFF013E2E34074E003F5F61 /* Project object */;
			proxyType = 1;
			remoteGlobalIDString = 2BFF01452E34074E003F5F61;
			remoteInfo = TaskFlow;
		};
		2BFF01612E34074F003F5F61 /* PBXContainerItemProxy */ = {
			isa = PBXContainerItemProxy;
			containerPortal = 2BFF013E2E34074E003F5F61 /* Project object */;
			proxyType = 1;
			remoteGlobalIDString = 2BFF01452E34074E003F5F61;
			remoteInfo = TaskFlow;
		};
/* End PBXContainerItemProxy section */

/* Begin PBXFileReference section */
		2BD59D3E2E3A9E0F00031A3C /* GoogleService-Info.plist */ = {isa = PBXFileReference; lastKnownFileType = text.plist.xml; path = "GoogleService-Info.plist"; sourceTree = "<group>"; };
		2BD59D412E3A9F1E00031A3C /* AppDelegate.swift */ = {isa = PBXFileReference; lastKnownFileType = sourcecode.swift; path = AppDelegate.swift; sourceTree = "<group>"; };
		2BFF01462E34074E003F5F61 /* TaskFlow.app */ = {isa = PBXFileReference; explicitFileType = wrapper.application; includeInIndex = 0; path = TaskFlow.app; sourceTree = BUILT_PRODUCTS_DIR; };
		2BFF01562E34074F003F5F61 /* TaskFlowTests.xctest */ = {isa = PBXFileReference; explicitFileType = wrapper.cfbundle; includeInIndex = 0; path = TaskFlowTests.xctest; sourceTree = BUILT_PRODUCTS_DIR; };
		2BFF01602E34074F003F5F61 /* TaskFlowUITests.xctest */ = {isa = PBXFileReference; explicitFileType = wrapper.cfbundle; includeInIndex = 0; path = TaskFlowUITests.xctest; sourceTree = BUILT_PRODUCTS_DIR; };
/* End PBXFileReference section */

/* Begin PBXFileSystemSynchronizedRootGroup section */
		2BFF01482E34074E003F5F61 /* TaskFlow */ = {
			isa = PBXFileSystemSynchronizedRootGroup;
			path = TaskFlow;
			sourceTree = "<group>";
		};
		2BFF01592E34074F003F5F61 /* TaskFlowTests */ = {
			isa = PBXFileSystemSynchronizedRootGroup;
			path = TaskFlowTests;
			sourceTree = "<group>";
		};
		2BFF01632E34074F003F5F61 /* TaskFlowUITests */ = {
			isa = PBXFileSystemSynchronizedRootGroup;
			path = TaskFlowUITests;
			sourceTree = "<group>";
		};
/* End PBXFileSystemSynchronizedRootGroup section */

/* Begin PBXFrameworksBuildPhase section */
		2BFF01432E34074E003F5F61 /* Frameworks */ = {
			isa = PBXFrameworksBuildPhase;
			buildActionMask = 2147483647;
			files = (
				2BC7B06F2E3AA129000425F1 /* FirebaseMessaging in Frameworks */,
				2BC7B0652E3AA129000425F1 /* FirebaseFirestoreCombine-Community in Frameworks */,
				2BC7B0732E3AA129000425F1 /* FirebasePerformance in Frameworks */,
				2BC7B0792E3AA129000425F1 /* FirebaseStorageCombine-Community in Frameworks */,
				2BC7B0752E3AA129000425F1 /* FirebaseRemoteConfig in Frameworks */,
				2BC7B0672E3AA129000425F1 /* FirebaseFunctions in Frameworks */,
				2BC7B05B2E3AA129000425F1 /* FirebaseAppCheck in Frameworks */,
				2BC7B0552E3AA129000425F1 /* FirebaseAI in Frameworks */,
				2BC7B0572E3AA129000425F1 /* FirebaseAnalyticsCore in Frameworks */,
				2BC7B04D2E3AA0D6000425F1 /* FirebaseAnalytics in Frameworks */,
				2BC7B0592E3AA129000425F1 /* FirebaseAnalyticsIdentitySupport in Frameworks */,
				2BC7B0632E3AA129000425F1 /* FirebaseFirestore in Frameworks */,
				2BC7B06D2E3AA129000425F1 /* FirebaseInstallations in Frameworks */,
				2BC7B0692E3AA129000425F1 /* FirebaseFunctionsCombine-Community in Frameworks */,
				2BC7B0612E3AA129000425F1 /* FirebaseCrashlytics in Frameworks */,
				2BC7B0712E3AA129000425F1 /* FirebaseMLModelDownloader in Frameworks */,
				2BC7B0512E3AA0D6000425F1 /* FirebaseCore in Frameworks */,
				2BC7B06B2E3AA129000425F1 /* FirebaseInAppMessaging-Beta in Frameworks */,
				2BC7B0532E3AA0D6000425F1 /* FirebaseDatabase in Frameworks */,
				2BC7B04F2E3AA0D6000425F1 /* FirebaseAuth in Frameworks */,
				2BC7B0772E3AA129000425F1 /* FirebaseStorage in Frameworks */,
				2BC7B05D2E3AA129000425F1 /* FirebaseAppDistribution-Beta in Frameworks */,
				2BC7B05F2E3AA129000425F1 /* FirebaseAuthCombine-Community in Frameworks */,
			);
			runOnlyForDeploymentPostprocessing = 0;
		};
		2BFF01532E34074F003F5F61 /* Frameworks */ = {
			isa = PBXFrameworksBuildPhase;
			buildActionMask = 2147483647;
			files = (
			);
			runOnlyForDeploymentPostprocessing = 0;
		};
		2BFF015D2E34074F003F5F61 /* Frameworks */ = {
			isa = PBXFrameworksBuildPhase;
			buildActionMask = 2147483647;
			files = (
			);
			runOnlyForDeploymentPostprocessing = 0;
		};
/* End PBXFrameworksBuildPhase section */

/* Begin PBXGroup section */
		2BC7B04B2E3AA0A4000425F1 /* Frameworks */ = {
			isa = PBXGroup;
			children = (
			);
			name = Frameworks;
			sourceTree = "<group>";
		};
		2BFF013D2E34074E003F5F61 = {
			isa = PBXGroup;
			children = (
				2BD59D412E3A9F1E00031A3C /* AppDelegate.swift */,
				2BD59D3E2E3A9E0F00031A3C /* GoogleService-Info.plist */,
				2BFF01482E34074E003F5F61 /* TaskFlow */,
				2BFF01592E34074F003F5F61 /* TaskFlowTests */,
				2BFF01632E34074F003F5F61 /* TaskFlowUITests */,
				2BC7B04B2E3AA0A4000425F1 /* Frameworks */,
				2BFF01472E34074E003F5F61 /* Products */,
			);
			sourceTree = "<group>";
		};
		2BFF01472E34074E003F5F61 /* Products */ = {
			isa = PBXGroup;
			children = (
				2BFF01462E34074E003F5F61 /* TaskFlow.app */,
				2BFF01562E34074F003F5F61 /* TaskFlowTests.xctest */,
				2BFF01602E34074F003F5F61 /* TaskFlowUITests.xctest */,
			);
			name = Products;
			sourceTree = "<group>";
		};
/* End PBXGroup section */

/* Begin PBXNativeTarget section */
		2BFF01452E34074E003F5F61 /* TaskFlow */ = {
			isa = PBXNativeTarget;
			buildConfigurationList = 2BFF016A2E34074F003F5F61 /* Build configuration list for PBXNativeTarget "TaskFlow" */;
			buildPhases = (
				2BFF01422E34074E003F5F61 /* Sources */,
				2BFF01432E34074E003F5F61 /* Frameworks */,
				2BFF01442E34074E003F5F61 /* Resources */,
			);
			buildRules = (
			);
			dependencies = (
			);
			fileSystemSynchronizedGroups = (
				2BFF01482E34074E003F5F61 /* TaskFlow */,
			);
			name = TaskFlow;
			packageProductDependencies = (
				2BC7B04C2E3AA0D6000425F1 /* FirebaseAnalytics */,
				2BC7B04E2E3AA0D6000425F1 /* FirebaseAuth */,
				2BC7B0502E3AA0D6000425F1 /* FirebaseCore */,
				2BC7B0522E3AA0D6000425F1 /* FirebaseDatabase */,
				2BC7B0542E3AA129000425F1 /* FirebaseAI */,
				2BC7B0562E3AA129000425F1 /* FirebaseAnalyticsCore */,
				2BC7B0582E3AA129000425F1 /* FirebaseAnalyticsIdentitySupport */,
				2BC7B05A2E3AA129000425F1 /* FirebaseAppCheck */,
				2BC7B05C2E3AA129000425F1 /* FirebaseAppDistribution-Beta */,
				2BC7B05E2E3AA129000425F1 /* FirebaseAuthCombine-Community */,
				2BC7B0602E3AA129000425F1 /* FirebaseCrashlytics */,
				2BC7B0622E3AA129000425F1 /* FirebaseFirestore */,
				2BC7B0642E3AA129000425F1 /* FirebaseFirestoreCombine-Community */,
				2BC7B0662E3AA129000425F1 /* FirebaseFunctions */,
				2BC7B0682E3AA129000425F1 /* FirebaseFunctionsCombine-Community */,
				2BC7B06A2E3AA129000425F1 /* FirebaseInAppMessaging-Beta */,
				2BC7B06C2E3AA129000425F1 /* FirebaseInstallations */,
				2BC7B06E2E3AA129000425F1 /* FirebaseMessaging */,
				2BC7B0702E3AA129000425F1 /* FirebaseMLModelDownloader */,
				2BC7B0722E3AA129000425F1 /* FirebasePerformance */,
				2BC7B0742E3AA129000425F1 /* FirebaseRemoteConfig */,
				2BC7B0762E3AA129000425F1 /* FirebaseStorage */,
				2BC7B0782E3AA129000425F1 /* FirebaseStorageCombine-Community */,
			);
			productName = TaskFlow;
			productReference = 2BFF01462E34074E003F5F61 /* TaskFlow.app */;
			productType = "com.apple.product-type.application";
		};
		2BFF01552E34074F003F5F61 /* TaskFlowTests */ = {
			isa = PBXNativeTarget;
			buildConfigurationList = 2BFF016D2E34074F003F5F61 /* Build configuration list for PBXNativeTarget "TaskFlowTests" */;
			buildPhases = (
				2BFF01522E34074F003F5F61 /* Sources */,
				2BFF01532E34074F003F5F61 /* Frameworks */,
				2BFF01542E34074F003F5F61 /* Resources */,
			);
			buildRules = (
			);
			dependencies = (
				2BFF01582E34074F003F5F61 /* PBXTargetDependency */,
			);
			fileSystemSynchronizedGroups = (
				2BFF01592E34074F003F5F61 /* TaskFlowTests */,
			);
			name = TaskFlowTests;
			packageProductDependencies = (
			);
			productName = TaskFlowTests;
			productReference = 2BFF01562E34074F003F5F61 /* TaskFlowTests.xctest */;
			productType = "com.apple.product-type.bundle.unit-test";
		};
		2BFF015F2E34074F003F5F61 /* TaskFlowUITests */ = {
			isa = PBXNativeTarget;
			buildConfigurationList = 2BFF01702E34074F003F5F61 /* Build configuration list for PBXNativeTarget "TaskFlowUITests" */;
			buildPhases = (
				2BFF015C2E34074F003F5F61 /* Sources */,
				2BFF015D2E34074F003F5F61 /* Frameworks */,
				2BFF015E2E34074F003F5F61 /* Resources */,
			);
			buildRules = (
			);
			dependencies = (
				2BFF01622E34074F003F5F61 /* PBXTargetDependency */,
			);
			fileSystemSynchronizedGroups = (
				2BFF01632E34074F003F5F61 /* TaskFlowUITests */,
			);
			name = TaskFlowUITests;
			packageProductDependencies = (
			);
			productName = TaskFlowUITests;
			productReference = 2BFF01602E34074F003F5F61 /* TaskFlowUITests.xctest */;
			productType = "com.apple.product-type.bundle.ui-testing";
		};
/* End PBXNativeTarget section */

/* Begin PBXProject section */
		2BFF013E2E34074E003F5F61 /* Project object */ = {
			isa = PBXProject;
			attributes = {
				BuildIndependentTargetsInParallel = 1;
				LastSwiftUpdateCheck = 1610;
				LastUpgradeCheck = 1610;
				TargetAttributes = {
					2BFF01452E34074E003F5F61 = {
						CreatedOnToolsVersion = 16.1;
					};
					2BFF01552E34074F003F5F61 = {
						CreatedOnToolsVersion = 16.1;
						TestTargetID = 2BFF01452E34074E003F5F61;
					};
					2BFF015F2E34074F003F5F61 = {
						CreatedOnToolsVersion = 16.1;
						TestTargetID = 2BFF01452E34074E003F5F61;
					};
				};
			};
			buildConfigurationList = 2BFF01412E34074E003F5F61 /* Build configuration list for PBXProject "TaskFlow" */;
			developmentRegion = en;
			hasScannedForEncodings = 0;
			knownRegions = (
				en,
				Base,
			);
			mainGroup = 2BFF013D2E34074E003F5F61;
			minimizedProjectReferenceProxies = 1;
			packageReferences = (
				2BD59D402E3A9EBE00031A3C /* XCRemoteSwiftPackageReference "firebase-ios-sdk" */,
			);
			preferredProjectObjectVersion = 77;
			productRefGroup = 2BFF01472E34074E003F5F61 /* Products */;
			projectDirPath = "";
			projectRoot = "";
			targets = (
				2BFF01452E34074E003F5F61 /* TaskFlow */,
				2BFF01552E34074F003F5F61 /* TaskFlowTests */,
				2BFF015F2E34074F003F5F61 /* TaskFlowUITests */,
			);
		};
/* End PBXProject section */

/* Begin PBXResourcesBuildPhase section */
		2BFF01442E34074E003F5F61 /* Resources */ = {
			isa = PBXResourcesBuildPhase;
			buildActionMask = 2147483647;
			files = (
				2BD59D3F2E3A9E0F00031A3C /* GoogleService-Info.plist in Resources */,
			);
			runOnlyForDeploymentPostprocessing = 0;
		};
		2BFF01542E34074F003F5F61 /* Resources */ = {
			isa = PBXResourcesBuildPhase;
			buildActionMask = 2147483647;
			files = (
			);
			runOnlyForDeploymentPostprocessing = 0;
		};
		2BFF015E2E34074F003F5F61 /* Resources */ = {
			isa = PBXResourcesBuildPhase;
			buildActionMask = 2147483647;
			files = (
			);
			runOnlyForDeploymentPostprocessing = 0;
		};
/* End PBXResourcesBuildPhase section */

/* Begin PBXSourcesBuildPhase section */
		2BFF01422E34074E003F5F61 /* Sources */ = {
			isa = PBXSourcesBuildPhase;
			buildActionMask = 2147483647;
			files = (
				2BD59D422E3A9F1E00031A3C /* AppDelegate.swift in Sources */,
			);
			runOnlyForDeploymentPostprocessing = 0;
		};
		2BFF01522E34074F003F5F61 /* Sources */ = {
			isa = PBXSourcesBuildPhase;
			buildActionMask = 2147483647;
			files = (
			);
			runOnlyForDeploymentPostprocessing = 0;
		};
		2BFF015C2E34074F003F5F61 /* Sources */ = {
			isa = PBXSourcesBuildPhase;
			buildActionMask = 2147483647;
			files = (
			);
			runOnlyForDeploymentPostprocessing = 0;
		};
/* End PBXSourcesBuildPhase section */

/* Begin PBXTargetDependency section */
		2BFF01582E34074F003F5F61 /* PBXTargetDependency */ = {
			isa = PBXTargetDependency;
			target = 2BFF01452E34074E003F5F61 /* TaskFlow */;
			targetProxy = 2BFF01572E34074F003F5F61 /* PBXContainerItemProxy */;
		};
		2BFF01622E34074F003F5F61 /* PBXTargetDependency */ = {
			isa = PBXTargetDependency;
			target = 2BFF01452E34074E003F5F61 /* TaskFlow */;
			targetProxy = 2BFF01612E34074F003F5F61 /* PBXContainerItemProxy */;
		};
/* End PBXTargetDependency section */

/* Begin XCBuildConfiguration section */
		2BFF01682E34074F003F5F61 /* Debug */ = {
			isa = XCBuildConfiguration;
			buildSettings = {
				ALWAYS_SEARCH_USER_PATHS = NO;
				ASSETCATALOG_COMPILER_GENERATE_SWIFT_ASSET_SYMBOL_EXTENSIONS = YES;
				CLANG_ANALYZER_NONNULL = YES;
				CLANG_ANALYZER_NUMBER_OBJECT_CONVERSION = YES_AGGRESSIVE;
				CLANG_CXX_LANGUAGE_STANDARD = "gnu++20";
				CLANG_ENABLE_MODULES = YES;
				CLANG_ENABLE_OBJC_ARC = YES;
				CLANG_ENABLE_OBJC_WEAK = YES;
				CLANG_WARN_BLOCK_CAPTURE_AUTORELEASING = YES;
				CLANG_WARN_BOOL_CONVERSION = YES;
				CLANG_WARN_COMMA = YES;
				CLANG_WARN_CONSTANT_CONVERSION = YES;
				CLANG_WARN_DEPRECATED_OBJC_IMPLEMENTATIONS = YES;
				CLANG_WARN_DIRECT_OBJC_ISA_USAGE = YES_ERROR;
				CLANG_WARN_DOCUMENTATION_COMMENTS = YES;
				CLANG_WARN_EMPTY_BODY = YES;
				CLANG_WARN_ENUM_CONVERSION = YES;
				CLANG_WARN_INFINITE_RECURSION = YES;
				CLANG_WARN_INT_CONVERSION = YES;
				CLANG_WARN_NON_LITERAL_NULL_CONVERSION = YES;
				CLANG_WARN_OBJC_IMPLICIT_RETAIN_SELF = YES;
				CLANG_WARN_OBJC_LITERAL_CONVERSION = YES;
				CLANG_WARN_OBJC_ROOT_CLASS = YES_ERROR;
				CLANG_WARN_QUOTED_INCLUDE_IN_FRAMEWORK_HEADER = YES;
				CLANG_WARN_RANGE_LOOP_ANALYSIS = YES;
				CLANG_WARN_STRICT_PROTOTYPES = YES;
				CLANG_WARN_SUSPICIOUS_MOVE = YES;
				CLANG_WARN_UNGUARDED_AVAILABILITY = YES_AGGRESSIVE;
				CLANG_WARN_UNREACHABLE_CODE = YES;
				CLANG_WARN__DUPLICATE_METHOD_MATCH = YES;
				COPY_PHASE_STRIP = NO;
				DEBUG_INFORMATION_FORMAT = dwarf;
				ENABLE_STRICT_OBJC_MSGSEND = YES;
				ENABLE_TESTABILITY = YES;
				ENABLE_USER_SCRIPT_SANDBOXING = YES;
				GCC_C_LANGUAGE_STANDARD = gnu17;
				GCC_DYNAMIC_NO_PIC = NO;
				GCC_NO_COMMON_BLOCKS = YES;
				GCC_OPTIMIZATION_LEVEL = 0;
				GCC_PREPROCESSOR_DEFINITIONS = (
					"DEBUG=1",
					"$(inherited)",
				);
				GCC_WARN_64_TO_32_BIT_CONVERSION = YES;
				GCC_WARN_ABOUT_RETURN_TYPE = YES_ERROR;
				GCC_WARN_UNDECLARED_SELECTOR = YES;
				GCC_WARN_UNINITIALIZED_AUTOS = YES_AGGRESSIVE;
				GCC_WARN_UNUSED_FUNCTION = YES;
				GCC_WARN_UNUSED_VARIABLE = YES;
				IPHONEOS_DEPLOYMENT_TARGET = 18.1;
				LOCALIZATION_PREFERS_STRING_CATALOGS = YES;
				MTL_ENABLE_DEBUG_INFO = INCLUDE_SOURCE;
				MTL_FAST_MATH = YES;
				ONLY_ACTIVE_ARCH = YES;
				SDKROOT = iphoneos;
				SWIFT_ACTIVE_COMPILATION_CONDITIONS = "DEBUG $(inherited)";
				SWIFT_OPTIMIZATION_LEVEL = "-Onone";
			};
			name = Debug;
		};
		2BFF01692E34074F003F5F61 /* Release */ = {
			isa = XCBuildConfiguration;
			buildSettings = {
				ALWAYS_SEARCH_USER_PATHS = NO;
				ASSETCATALOG_COMPILER_GENERATE_SWIFT_ASSET_SYMBOL_EXTENSIONS = YES;
				CLANG_ANALYZER_NONNULL = YES;
				CLANG_ANALYZER_NUMBER_OBJECT_CONVERSION = YES_AGGRESSIVE;
				CLANG_CXX_LANGUAGE_STANDARD = "gnu++20";
				CLANG_ENABLE_MODULES = YES;
				CLANG_ENABLE_OBJC_ARC = YES;
				CLANG_ENABLE_OBJC_WEAK = YES;
				CLANG_WARN_BLOCK_CAPTURE_AUTORELEASING = YES;
				CLANG_WARN_BOOL_CONVERSION = YES;
				CLANG_WARN_COMMA = YES;
				CLANG_WARN_CONSTANT_CONVERSION = YES;
				CLANG_WARN_DEPRECATED_OBJC_IMPLEMENTATIONS = YES;
				CLANG_WARN_DIRECT_OBJC_ISA_USAGE = YES_ERROR;
				CLANG_WARN_DOCUMENTATION_COMMENTS = YES;
				CLANG_WARN_EMPTY_BODY = YES;
				CLANG_WARN_ENUM_CONVERSION = YES;
				CLANG_WARN_INFINITE_RECURSION = YES;
				CLANG_WARN_INT_CONVERSION = YES;
				CLANG_WARN_NON_LITERAL_NULL_CONVERSION = YES;
				CLANG_WARN_OBJC_IMPLICIT_RETAIN_SELF = YES;
				CLANG_WARN_OBJC_LITERAL_CONVERSION = YES;
				CLANG_WARN_OBJC_ROOT_CLASS = YES_ERROR;
				CLANG_WARN_QUOTED_INCLUDE_IN_FRAMEWORK_HEADER = YES;
				CLANG_WARN_RANGE_LOOP_ANALYSIS = YES;
				CLANG_WARN_STRICT_PROTOTYPES = YES;
				CLANG_WARN_SUSPICIOUS_MOVE = YES;
				CLANG_WARN_UNGUARDED_AVAILABILITY = YES_AGGRESSIVE;
				CLANG_WARN_UNREACHABLE_CODE = YES;
				CLANG_WARN__DUPLICATE_METHOD_MATCH = YES;
				COPY_PHASE_STRIP = NO;
				DEBUG_INFORMATION_FORMAT = "dwarf-with-dsym";
				ENABLE_NS_ASSERTIONS = NO;
				ENABLE_STRICT_OBJC_MSGSEND = YES;
				ENABLE_USER_SCRIPT_SANDBOXING = YES;
				GCC_C_LANGUAGE_STANDARD = gnu17;
				GCC_NO_COMMON_BLOCKS = YES;
				GCC_WARN_64_TO_32_BIT_CONVERSION = YES;
				GCC_WARN_ABOUT_RETURN_TYPE = YES_ERROR;
				GCC_WARN_UNDECLARED_SELECTOR = YES;
				GCC_WARN_UNINITIALIZED_AUTOS = YES_AGGRESSIVE;
				GCC_WARN_UNUSED_FUNCTION = YES;
				GCC_WARN_UNUSED_VARIABLE = YES;
				IPHONEOS_DEPLOYMENT_TARGET = 18.1;
				LOCALIZATION_PREFERS_STRING_CATALOGS = YES;
				MTL_ENABLE_DEBUG_INFO = NO;
				MTL_FAST_MATH = YES;
				SDKROOT = iphoneos;
				SWIFT_COMPILATION_MODE = wholemodule;
				VALIDATE_PRODUCT = YES;
			};
			name = Release;
		};
		2BFF016B2E34074F003F5F61 /* Debug */ = {
			isa = XCBuildConfiguration;
			buildSettings = {
				ASSETCATALOG_COMPILER_APPICON_NAME = AppIcon;
				ASSETCATALOG_COMPILER_GLOBAL_ACCENT_COLOR_NAME = AccentColor;
				CODE_SIGN_STYLE = Automatic;
				CURRENT_PROJECT_VERSION = 1;
				DEVELOPMENT_ASSET_PATHS = "\"TaskFlow/Preview Content\"";
				ENABLE_PREVIEWS = YES;
				GENERATE_INFOPLIST_FILE = YES;
				INFOPLIST_KEY_UIApplicationSceneManifest_Generation = YES;
				INFOPLIST_KEY_UIApplicationSupportsIndirectInputEvents = YES;
				INFOPLIST_KEY_UILaunchScreen_Generation = YES;
				INFOPLIST_KEY_UISupportedInterfaceOrientations_iPad = "UIInterfaceOrientationPortrait UIInterfaceOrientationPortraitUpsideDown UIInterfaceOrientationLandscapeLeft UIInterfaceOrientationLandscapeRight";
				INFOPLIST_KEY_UISupportedInterfaceOrientations_iPhone = "UIInterfaceOrientationPortrait UIInterfaceOrientationLandscapeLeft UIInterfaceOrientationLandscapeRight";
				LD_RUNPATH_SEARCH_PATHS = (
					"$(inherited)",
					"@executable_path/Frameworks",
				);
				MARKETING_VERSION = 1.0;
				PRODUCT_BUNDLE_IDENTIFIER = com.goktugoguzhan.TaskFlow;
				PRODUCT_NAME = "$(TARGET_NAME)";
				SWIFT_EMIT_LOC_STRINGS = YES;
				SWIFT_VERSION = 5.0;
				TARGETED_DEVICE_FAMILY = "1,2";
			};
			name = Debug;
		};
		2BFF016C2E34074F003F5F61 /* Release */ = {
			isa = XCBuildConfiguration;
			buildSettings = {
				ASSETCATALOG_COMPILER_APPICON_NAME = AppIcon;
				ASSETCATALOG_COMPILER_GLOBAL_ACCENT_COLOR_NAME = AccentColor;
				CODE_SIGN_STYLE = Automatic;
				CURRENT_PROJECT_VERSION = 1;
				DEVELOPMENT_ASSET_PATHS = "\"TaskFlow/Preview Content\"";
				ENABLE_PREVIEWS = YES;
				GENERATE_INFOPLIST_FILE = YES;
				INFOPLIST_KEY_UIApplicationSceneManifest_Generation = YES;
				INFOPLIST_KEY_UIApplicationSupportsIndirectInputEvents = YES;
				INFOPLIST_KEY_UILaunchScreen_Generation = YES;
				INFOPLIST_KEY_UISupportedInterfaceOrientations_iPad = "UIInterfaceOrientationPortrait UIInterfaceOrientationPortraitUpsideDown UIInterfaceOrientationLandscapeLeft UIInterfaceOrientationLandscapeRight";
				INFOPLIST_KEY_UISupportedInterfaceOrientations_iPhone = "UIInterfaceOrientationPortrait UIInterfaceOrientationLandscapeLeft UIInterfaceOrientationLandscapeRight";
				LD_RUNPATH_SEARCH_PATHS = (
					"$(inherited)",
					"@executable_path/Frameworks",
				);
				MARKETING_VERSION = 1.0;
				PRODUCT_BUNDLE_IDENTIFIER = com.goktugoguzhan.TaskFlow;
				PRODUCT_NAME = "$(TARGET_NAME)";
				SWIFT_EMIT_LOC_STRINGS = YES;
				SWIFT_VERSION = 5.0;
				TARGETED_DEVICE_FAMILY = "1,2";
			};
			name = Release;
		};
		2BFF016E2E34074F003F5F61 /* Debug */ = {
			isa = XCBuildConfiguration;
			buildSettings = {
				BUNDLE_LOADER = "$(TEST_HOST)";
				CODE_SIGN_STYLE = Automatic;
				CURRENT_PROJECT_VERSION = 1;
				GENERATE_INFOPLIST_FILE = YES;
				IPHONEOS_DEPLOYMENT_TARGET = 18.1;
				MARKETING_VERSION = 1.0;
				PRODUCT_BUNDLE_IDENTIFIER = com.goktugoguzhan.TaskFlowTests;
				PRODUCT_NAME = "$(TARGET_NAME)";
				SWIFT_EMIT_LOC_STRINGS = NO;
				SWIFT_VERSION = 5.0;
				TARGETED_DEVICE_FAMILY = "1,2";
				TEST_HOST = "$(BUILT_PRODUCTS_DIR)/TaskFlow.app/$(BUNDLE_EXECUTABLE_FOLDER_PATH)/TaskFlow";
			};
			name = Debug;
		};
		2BFF016F2E34074F003F5F61 /* Release */ = {
			isa = XCBuildConfiguration;
			buildSettings = {
				BUNDLE_LOADER = "$(TEST_HOST)";
				CODE_SIGN_STYLE = Automatic;
				CURRENT_PROJECT_VERSION = 1;
				GENERATE_INFOPLIST_FILE = YES;
				IPHONEOS_DEPLOYMENT_TARGET = 18.1;
				MARKETING_VERSION = 1.0;
				PRODUCT_BUNDLE_IDENTIFIER = com.goktugoguzhan.TaskFlowTests;
				PRODUCT_NAME = "$(TARGET_NAME)";
				SWIFT_EMIT_LOC_STRINGS = NO;
				SWIFT_VERSION = 5.0;
				TARGETED_DEVICE_FAMILY = "1,2";
				TEST_HOST = "$(BUILT_PRODUCTS_DIR)/TaskFlow.app/$(BUNDLE_EXECUTABLE_FOLDER_PATH)/TaskFlow";
			};
			name = Release;
		};
		2BFF01712E34074F003F5F61 /* Debug */ = {
			isa = XCBuildConfiguration;
			buildSettings = {
				CODE_SIGN_STYLE = Automatic;
				CURRENT_PROJECT_VERSION = 1;
				GENERATE_INFOPLIST_FILE = YES;
				MARKETING_VERSION = 1.0;
				PRODUCT_BUNDLE_IDENTIFIER = com.goktugoguzhan.TaskFlowUITests;
				PRODUCT_NAME = "$(TARGET_NAME)";
				SWIFT_EMIT_LOC_STRINGS = NO;
				SWIFT_VERSION = 5.0;
				TARGETED_DEVICE_FAMILY = "1,2";
				TEST_TARGET_NAME = TaskFlow;
			};
			name = Debug;
		};
		2BFF01722E34074F003F5F61 /* Release */ = {
			isa = XCBuildConfiguration;
			buildSettings = {
				CODE_SIGN_STYLE = Automatic;
				CURRENT_PROJECT_VERSION = 1;
				GENERATE_INFOPLIST_FILE = YES;
				MARKETING_VERSION = 1.0;
				PRODUCT_BUNDLE_IDENTIFIER = com.goktugoguzhan.TaskFlowUITests;
				PRODUCT_NAME = "$(TARGET_NAME)";
				SWIFT_EMIT_LOC_STRINGS = NO;
				SWIFT_VERSION = 5.0;
				TARGETED_DEVICE_FAMILY = "1,2";
				TEST_TARGET_NAME = TaskFlow;
			};
			name = Release;
		};
/* End XCBuildConfiguration section */

/* Begin XCConfigurationList section */
		2BFF01412E34074E003F5F61 /* Build configuration list for PBXProject "TaskFlow" */ = {
			isa = XCConfigurationList;
			buildConfigurations = (
				2BFF01682E34074F003F5F61 /* Debug */,
				2BFF01692E34074F003F5F61 /* Release */,
			);
			defaultConfigurationIsVisible = 0;
			defaultConfigurationName = Release;
		};
		2BFF016A2E34074F003F5F61 /* Build configuration list for PBXNativeTarget "TaskFlow" */ = {
			isa = XCConfigurationList;
			buildConfigurations = (
				2BFF016B2E34074F003F5F61 /* Debug */,
				2BFF016C2E34074F003F5F61 /* Release */,
			);
			defaultConfigurationIsVisible = 0;
			defaultConfigurationName = Release;
		};
		2BFF016D2E34074F003F5F61 /* Build configuration list for PBXNativeTarget "TaskFlowTests" */ = {
			isa = XCConfigurationList;
			buildConfigurations = (
				2BFF016E2E34074F003F5F61 /* Debug */,
				2BFF016F2E34074F003F5F61 /* Release */,
			);
			defaultConfigurationIsVisible = 0;
			defaultConfigurationName = Release;
		};
		2BFF01702E34074F003F5F61 /* Build configuration list for PBXNativeTarget "TaskFlowUITests" */ = {
			isa = XCConfigurationList;
			buildConfigurations = (
				2BFF01712E34074F003F5F61 /* Debug */,
				2BFF01722E34074F003F5F61 /* Release */,
			);
			defaultConfigurationIsVisible = 0;
			defaultConfigurationName = Release;
		};
/* End XCConfigurationList section */

/* Begin XCRemoteSwiftPackageReference section */
		2BD59D402E3A9EBE00031A3C /* XCRemoteSwiftPackageReference "firebase-ios-sdk" */ = {
			isa = XCRemoteSwiftPackageReference;
			repositoryURL = "https://github.com/firebase/firebase-ios-sdk";
			requirement = {
				kind = upToNextMajorVersion;
				minimumVersion = 12.0.0;
			};
		};
/* End XCRemoteSwiftPackageReference section */

/* Begin XCSwiftPackageProductDependency section */
		2BC7B04C2E3AA0D6000425F1 /* FirebaseAnalytics */ = {
			isa = XCSwiftPackageProductDependency;
			package = 2BD59D402E3A9EBE00031A3C /* XCRemoteSwiftPackageReference "firebase-ios-sdk" */;
			productName = FirebaseAnalytics;
		};
		2BC7B04E2E3AA0D6000425F1 /* FirebaseAuth */ = {
			isa = XCSwiftPackageProductDependency;
			package = 2BD59D402E3A9EBE00031A3C /* XCRemoteSwiftPackageReference "firebase-ios-sdk" */;
			productName = FirebaseAuth;
		};
		2BC7B0502E3AA0D6000425F1 /* FirebaseCore */ = {
			isa = XCSwiftPackageProductDependency;
			package = 2BD59D402E3A9EBE00031A3C /* XCRemoteSwiftPackageReference "firebase-ios-sdk" */;
			productName = FirebaseCore;
		};
		2BC7B0522E3AA0D6000425F1 /* FirebaseDatabase */ = {
			isa = XCSwiftPackageProductDependency;
			package = 2BD59D402E3A9EBE00031A3C /* XCRemoteSwiftPackageReference "firebase-ios-sdk" */;
			productName = FirebaseDatabase;
		};
		2BC7B0542E3AA129000425F1 /* FirebaseAI */ = {
			isa = XCSwiftPackageProductDependency;
			package = 2BD59D402E3A9EBE00031A3C /* XCRemoteSwiftPackageReference "firebase-ios-sdk" */;
			productName = FirebaseAI;
		};
		2BC7B0562E3AA129000425F1 /* FirebaseAnalyticsCore */ = {
			isa = XCSwiftPackageProductDependency;
			package = 2BD59D402E3A9EBE00031A3C /* XCRemoteSwiftPackageReference "firebase-ios-sdk" */;
			productName = FirebaseAnalyticsCore;
		};
		2BC7B0582E3AA129000425F1 /* FirebaseAnalyticsIdentitySupport */ = {
			isa = XCSwiftPackageProductDependency;
			package = 2BD59D402E3A9EBE00031A3C /* XCRemoteSwiftPackageReference "firebase-ios-sdk" */;
			productName = FirebaseAnalyticsIdentitySupport;
		};
		2BC7B05A2E3AA129000425F1 /* FirebaseAppCheck */ = {
			isa = XCSwiftPackageProductDependency;
			package = 2BD59D402E3A9EBE00031A3C /* XCRemoteSwiftPackageReference "firebase-ios-sdk" */;
			productName = FirebaseAppCheck;
		};
		2BC7B05C2E3AA129000425F1 /* FirebaseAppDistribution-Beta */ = {
			isa = XCSwiftPackageProductDependency;
			package = 2BD59D402E3A9EBE00031A3C /* XCRemoteSwiftPackageReference "firebase-ios-sdk" */;
			productName = "FirebaseAppDistribution-Beta";
		};
		2BC7B05E2E3AA129000425F1 /* FirebaseAuthCombine-Community */ = {
			isa = XCSwiftPackageProductDependency;
			package = 2BD59D402E3A9EBE00031A3C /* XCRemoteSwiftPackageReference "firebase-ios-sdk" */;
			productName = "FirebaseAuthCombine-Community";
		};
		2BC7B0602E3AA129000425F1 /* FirebaseCrashlytics */ = {
			isa = XCSwiftPackageProductDependency;
			package = 2BD59D402E3A9EBE00031A3C /* XCRemoteSwiftPackageReference "firebase-ios-sdk" */;
			productName = FirebaseCrashlytics;
		};
		2BC7B0622E3AA129000425F1 /* FirebaseFirestore */ = {
			isa = XCSwiftPackageProductDependency;
			package = 2BD59D402E3A9EBE00031A3C /* XCRemoteSwiftPackageReference "firebase-ios-sdk" */;
			productName = FirebaseFirestore;
		};
		2BC7B0642E3AA129000425F1 /* FirebaseFirestoreCombine-Community */ = {
			isa = XCSwiftPackageProductDependency;
			package = 2BD59D402E3A9EBE00031A3C /* XCRemoteSwiftPackageReference "firebase-ios-sdk" */;
			productName = "FirebaseFirestoreCombine-Community";
		};
		2BC7B0662E3AA129000425F1 /* FirebaseFunctions */ = {
			isa = XCSwiftPackageProductDependency;
			package = 2BD59D402E3A9EBE00031A3C /* XCRemoteSwiftPackageReference "firebase-ios-sdk" */;
			productName = FirebaseFunctions;
		};
		2BC7B0682E3AA129000425F1 /* FirebaseFunctionsCombine-Community */ = {
			isa = XCSwiftPackageProductDependency;
			package = 2BD59D402E3A9EBE00031A3C /* XCRemoteSwiftPackageReference "firebase-ios-sdk" */;
			productName = "FirebaseFunctionsCombine-Community";
		};
		2BC7B06A2E3AA129000425F1 /* FirebaseInAppMessaging-Beta */ = {
			isa = XCSwiftPackageProductDependency;
			package = 2BD59D402E3A9EBE00031A3C /* XCRemoteSwiftPackageReference "firebase-ios-sdk" */;
			productName = "FirebaseInAppMessaging-Beta";
		};
		2BC7B06C2E3AA129000425F1 /* FirebaseInstallations */ = {
			isa = XCSwiftPackageProductDependency;
			package = 2BD59D402E3A9EBE00031A3C /* XCRemoteSwiftPackageReference "firebase-ios-sdk" */;
			productName = FirebaseInstallations;
		};
		2BC7B06E2E3AA129000425F1 /* FirebaseMessaging */ = {
			isa = XCSwiftPackageProductDependency;
			package = 2BD59D402E3A9EBE00031A3C /* XCRemoteSwiftPackageReference "firebase-ios-sdk" */;
			productName = FirebaseMessaging;
		};
		2BC7B0702E3AA129000425F1 /* FirebaseMLModelDownloader */ = {
			isa = XCSwiftPackageProductDependency;
			package = 2BD59D402E3A9EBE00031A3C /* XCRemoteSwiftPackageReference "firebase-ios-sdk" */;
			productName = FirebaseMLModelDownloader;
		};
		2BC7B0722E3AA129000425F1 /* FirebasePerformance */ = {
			isa = XCSwiftPackageProductDependency;
			package = 2BD59D402E3A9EBE00031A3C /* XCRemoteSwiftPackageReference "firebase-ios-sdk" */;
			productName = FirebasePerformance;
		};
		2BC7B0742E3AA129000425F1 /* FirebaseRemoteConfig */ = {
			isa = XCSwiftPackageProductDependency;
			package = 2BD59D402E3A9EBE00031A3C /* XCRemoteSwiftPackageReference "firebase-ios-sdk" */;
			productName = FirebaseRemoteConfig;
		};
		2BC7B0762E3AA129000425F1 /* FirebaseStorage */ = {
			isa = XCSwiftPackageProductDependency;
			package = 2BD59D402E3A9EBE00031A3C /* XCRemoteSwiftPackageReference "firebase-ios-sdk" */;
			productName = FirebaseStorage;
		};
		2BC7B0782E3AA129000425F1 /* FirebaseStorageCombine-Community */ = {
			isa = XCSwiftPackageProductDependency;
			package = 2BD59D402E3A9EBE00031A3C /* XCRemoteSwiftPackageReference "firebase-ios-sdk" */;
			productName = "FirebaseStorageCombine-Community";
		};
/* End XCSwiftPackageProductDependency section */
	};
	rootObject = 2BFF013E2E34074E003F5F61 /* Project object */;
}
